
Microsoft Visual Studio Solution File, Format Version 12.00
# Visual Studio Version 17
VisualStudioVersion = 17.9.34728.123
MinimumVisualStudioVersion = 10.0.40219.1
Project("{9A19103F-16F7-4668-BE54-9A1E7A4F7556}") = "SimpleFuzzy.SimpleModule", "SimpleFuzzy.SimpleModule\SimpleFuzzy.SimpleModule.csproj", "{5DE9EE7D-360B-4D22-A802-E2975538729A}"
EndProject
Project("{9A19103F-16F7-4668-BE54-9A1E7A4F7556}") = "SimpleFuzzy.Models.SimulatorCrane", "SimpleFuzzy.Models.SimulatorCrane\SimpleFuzzy.Models.SimulatorCrane.csproj", "{AC5C1471-B2F8-41C6-938A-AE8C1ADAA702}"
EndProject
Project("{FAE04EC0-301F-11D3-BF4B-00C04F79EFBC}") = "InvertedPendelum", "InvertedPendelum\InvertedPendelum.csproj", "{D1230633-0DF9-494A-A403-B54DB26E84B8}"
EndProject
Global
	GlobalSection(SolutionConfigurationPlatforms) = preSolution
		Debug|Any CPU = Debug|Any CPU
		Release|Any CPU = Release|Any CPU
	EndGlobalSection
	GlobalSection(ProjectConfigurationPlatforms) = postSolution
		{5DE9EE7D-360B-4D22-A802-E2975538729A}.Debug|Any CPU.ActiveCfg = Debug|Any CPU
		{5DE9EE7D-360B-4D22-A802-E2975538729A}.Debug|Any CPU.Build.0 = Debug|Any CPU
		{5DE9EE7D-360B-4D22-A802-E2975538729A}.Release|Any CPU.ActiveCfg = Release|Any CPU
		{5DE9EE7D-360B-4D22-A802-E2975538729A}.Release|Any CPU.Build.0 = Release|Any CPU
		{AC5C1471-B2F8-41C6-938A-AE8C1ADAA702}.Debug|Any CPU.ActiveCfg = Debug|Any CPU
		{AC5C1471-B2F8-41C6-938A-AE8C1ADAA702}.Debug|Any CPU.Build.0 = Debug|Any CPU
		{AC5C1471-B2F8-41C6-938A-AE8C1ADAA702}.Release|Any CPU.ActiveCfg = Release|Any CPU
		{AC5C1471-B2F8-41C6-938A-AE8C1ADAA702}.Release|Any CPU.Build.0 = Release|Any CPU
		{D1230633-0DF9-494A-A403-B54DB26E84B8}.Debug|Any CPU.ActiveCfg = Debug|Any CPU
		{D1230633-0DF9-494A-A403-B54DB26E84B8}.Debug|Any CPU.Build.0 = Debug|Any CPU
		{D1230633-0DF9-494A-A403-B54DB26E84B8}.Release|Any CPU.ActiveCfg = Release|Any CPU
		{D1230633-0DF9-494A-A403-B54DB26E84B8}.Release|Any CPU.Build.0 = Release|Any CPU
	EndGlobalSection
	GlobalSection(SolutionProperties) = preSolution
		HideSolutionNode = FALSE
	EndGlobalSection
	GlobalSection(ExtensibilityGlobals) = postSolution
		SolutionGuid = {309DEC0A-9874-4BC7-A2E9-5D48903B405D}
	EndGlobalSection
EndGlobal
