
Microsoft Visual Studio Solution File, Format Version 12.00
# Visual Studio Version 17
VisualStudioVersion = 17.9.34728.123
MinimumVisualStudioVersion = 10.0.40219.1
Project("{9A19103F-16F7-4668-BE54-9A1E7A4F7556}") = "SimpleFuzzy.SimpleModule", "SimpleFuzzy.SimpleModule\SimpleFuzzy.SimpleModule.csproj", "{5DE9EE7D-360B-4D22-A802-E2975538729A}"
EndProject
Project("{FAE04EC0-301F-11D3-BF4B-00C04F79EFBC}") = "SimulatorCrane", "SimulatorCrane\SimulatorCrane.csproj", "{23251726-62B8-4C68-903E-35DC3F5EE82F}"
EndProject
Global
	GlobalSection(SolutionConfigurationPlatforms) = preSolution
		Debug|Any CPU = Debug|Any CPU
		Release|Any CPU = Release|Any CPU
	EndGlobalSection
	GlobalSection(ProjectConfigurationPlatforms) = postSolution
		{5DE9EE7D-360B-4D22-A802-E2975538729A}.Debug|Any CPU.ActiveCfg = Debug|Any CPU
		{5DE9EE7D-360B-4D22-A802-E2975538729A}.Debug|Any CPU.Build.0 = Debug|Any CPU
		{5DE9EE7D-360B-4D22-A802-E2975538729A}.Release|Any CPU.ActiveCfg = Release|Any CPU
		{5DE9EE7D-360B-4D22-A802-E2975538729A}.Release|Any CPU.Build.0 = Release|Any CPU
		{23251726-62B8-4C68-903E-35DC3F5EE82F}.Debug|Any CPU.ActiveCfg = Debug|Any CPU
		{23251726-62B8-4C68-903E-35DC3F5EE82F}.Debug|Any CPU.Build.0 = Debug|Any CPU
		{23251726-62B8-4C68-903E-35DC3F5EE82F}.Release|Any CPU.ActiveCfg = Release|Any CPU
		{23251726-62B8-4C68-903E-35DC3F5EE82F}.Release|Any CPU.Build.0 = Release|Any CPU
	EndGlobalSection
	GlobalSection(SolutionProperties) = preSolution
		HideSolutionNode = FALSE
	EndGlobalSection
	GlobalSection(ExtensibilityGlobals) = postSolution
		SolutionGuid = {309DEC0A-9874-4BC7-A2E9-5D48903B405D}
	EndGlobalSection
EndGlobal
